
Microsoft Visual Studio Solution File, Format Version 12.00
# Visual Studio Version 17
VisualStudioVersion = 17.0.32014.148
MinimumVisualStudioVersion = 10.0.40219.1
Project("{2150E333-8FDC-42A3-9474-1A3956D46DE8}") = "ReadModel", "ReadModel", "{A8241E4E-5FA0-403F-AD11-AA0565D24C86}"
EndProject
Project("{2150E333-8FDC-42A3-9474-1A3956D46DE8}") = "WriteModel", "WriteModel", "{258BD075-0E92-4D1B-AD0B-08FC446D1803}"
EndProject
Project("{2150E333-8FDC-42A3-9474-1A3956D46DE8}") = "EmployeeContext", "EmployeeContext", "{5269D8DA-254B-4DC7-94ED-16E93108AFD6}"
EndProject
Project("{2150E333-8FDC-42A3-9474-1A3956D46DE8}") = "Domain", "Domain", "{25994441-5AE0-432F-8AE1-06B9B008FD1F}"
EndProject
Project("{2150E333-8FDC-42A3-9474-1A3956D46DE8}") = "ApplicationService", "ApplicationService", "{E3F29462-441A-45CF-A09A-1EBB91543344}"
EndProject
Project("{2150E333-8FDC-42A3-9474-1A3956D46DE8}") = "Facade", "Facade", "{5850A967-EECA-463B-BA4A-B161E7A596A0}"
EndProject
Project("{2150E333-8FDC-42A3-9474-1A3956D46DE8}") = "Infrastructure", "Infrastructure", "{9E5109C2-0A76-4E5F-83A5-A9B372D1D3D0}"
EndProject
Project("{2150E333-8FDC-42A3-9474-1A3956D46DE8}") = "Resources", "Resources", "{BAB985CD-9285-46C4-AC21-3D4C0DA353FC}"
EndProject
Project("{9A19103F-16F7-4668-BE54-9A1E7A4F7556}") = "HR.EmployeeContext.Domain", "HR.EmployeeContext.Domain\HR.EmployeeContext.Domain.csproj", "{BBE1FE6C-F42D-4F34-AC34-A639018A9123}"
EndProject
Project("{9A19103F-16F7-4668-BE54-9A1E7A4F7556}") = "HR.EmployeeContext.DomainServices", "HR.EmployeeContext.DomainServices\HR.EmployeeContext.DomainServices.csproj", "{A617318D-10CE-483A-957C-B815371F1A2C}"
EndProject
Project("{2150E333-8FDC-42A3-9474-1A3956D46DE8}") = "Framework", "Framework", "{89AE88FA-9B8F-47F7-B73E-FF91CB7E2318}"
EndProject
Project("{9A19103F-16F7-4668-BE54-9A1E7A4F7556}") = "Framework.Domain", "Framework.Domain\Framework.Domain.csproj", "{67CC9919-4E50-4582-8DCE-E1A9F6919186}"
EndProject
Project("{9A19103F-16F7-4668-BE54-9A1E7A4F7556}") = "Framework.Core", "Framework.Core\Framework.Core.csproj", "{151F5868-53AD-495F-A010-1D20E2443C62}"
EndProject
Project("{9A19103F-16F7-4668-BE54-9A1E7A4F7556}") = "HR.EmployeeContext.ExceptionResources", "HR.EmployeeContext.ExceptionResources\HR.EmployeeContext.ExceptionResources.csproj", "{7919F6AD-64E0-4692-8081-59F070E5969E}"
EndProject
Project("{9A19103F-16F7-4668-BE54-9A1E7A4F7556}") = "HR.EmployeeContext.ApplicationService", "HR.EmployeeContext.ApplicationService\HR.EmployeeContext.ApplicationService.csproj", "{C7ECABFE-6443-42C4-9DD0-3AE6F3A49CC7}"
EndProject
Project("{9A19103F-16F7-4668-BE54-9A1E7A4F7556}") = "HR.EmployeeContext.ApplicationService.Contracts", "HR.EmployeeContext.ApplicationService.Contracts\HR.EmployeeContext.ApplicationService.Contracts.csproj", "{37D61422-6014-4A17-8B7D-0F27A6BC507B}"
EndProject
Project("{9A19103F-16F7-4668-BE54-9A1E7A4F7556}") = "HR.EmployeeContext.Infrastructure", "HR.EmployeeContext.Infrastructure\HR.EmployeeContext.Infrastructure.csproj", "{07EACDD4-1228-4AEC-9962-7797C35FA18C}"
EndProject
Project("{9A19103F-16F7-4668-BE54-9A1E7A4F7556}") = "Framework.Persistence", "Framework.Persistence\Framework.Persistence.csproj", "{B8310709-6A20-4339-837D-085B945E8BF1}"
EndProject
Project("{9A19103F-16F7-4668-BE54-9A1E7A4F7556}") = "HR.EmployeeContext.Facade", "HR.EmployeeContext.Facade\HR.EmployeeContext.Facade.csproj", "{EB3A3730-C11D-4219-B9D7-3AF00463AB6B}"
EndProject
Project("{9A19103F-16F7-4668-BE54-9A1E7A4F7556}") = "HR.EmployeeContext.Facade.Contracts", "HR.EmployeeContext.Facade.Contracts\HR.EmployeeContext.Facade.Contracts.csproj", "{C1304944-15B0-41DA-86C1-588E1AB4E508}"
EndProject
Project("{9A19103F-16F7-4668-BE54-9A1E7A4F7556}") = "Framework.Facade", "Framework.Facade\Framework.Facade.csproj", "{E0ADDA9F-FA56-48FA-9017-89C9186D91B6}"
EndProject
Project("{9A19103F-16F7-4668-BE54-9A1E7A4F7556}") = "Framework.ApplicationService", "Framework.ApplicationService\Framework.ApplicationService.csproj", "{715AC65F-839E-4C71-A43D-0F58A46DD17F}"
EndProject
Project("{9A19103F-16F7-4668-BE54-9A1E7A4F7556}") = "Framework.DependencyInjection", "Framework.DependencyInjection\Framework.DependencyInjection.csproj", "{2CBDDE21-9734-447A-8F66-BDCE7A4693DF}"
EndProject
Project("{9A19103F-16F7-4668-BE54-9A1E7A4F7556}") = "HR.Persistence", "HR.Persistence\HR.Persistence.csproj", "{616D5ED8-841E-4F7E-B910-AE172E65F9BA}"
EndProject
Project("{9A19103F-16F7-4668-BE54-9A1E7A4F7556}") = "HR.EmployeeContext.Configuration", "HR.EmployeeContext.Configuration\HR.EmployeeContext.Configuration.csproj", "{38091BA6-10FD-4B9E-875D-9D6B22B23195}"
EndProject
Project("{9A19103F-16F7-4668-BE54-9A1E7A4F7556}") = "Framework.AssemblyHelper", "Framework.AssemblyHelper\Framework.AssemblyHelper.csproj", "{E70222DF-AF49-479B-97D0-F6E1729C0861}"
EndProject
Project("{9A19103F-16F7-4668-BE54-9A1E7A4F7556}") = "API", "API\API.csproj", "{A7F272E3-822F-4F75-9D76-7EA277FA4B50}"
EndProject
Project("{9A19103F-16F7-4668-BE54-9A1E7A4F7556}") = "Framework.Middleware", "Framework.Middleware\Framework.Middleware.csproj", "{17938289-231C-44D1-AE18-95AE10BB9A91}"
EndProject
Project("{FAE04EC0-301F-11D3-BF4B-00C04F79EFBC}") = "HR.ReadModel.Context", "HR.ReadModel.Context\HR.ReadModel.Context.csproj", "{47C4E748-507D-4252-9486-27DEA4C8C688}"
EndProject
Project("{FAE04EC0-301F-11D3-BF4B-00C04F79EFBC}") = "HR.ReadModel.Queries.Facade", "HR.ReadModel.Queries.Facade\HR.ReadModel.Queries.Facade.csproj", "{A9AC9935-9835-4B50-9978-9AC684D7AB8F}"
EndProject
Project("{FAE04EC0-301F-11D3-BF4B-00C04F79EFBC}") = "HR.ReadModel.Queries.Contracts", "HR.ReadModel.Queries.Contracts\HR.ReadModel.Queries.Contracts.csproj", "{988B0052-F400-4C4F-A536-049C8BEA8C90}"
EndProject
Global
	GlobalSection(SolutionConfigurationPlatforms) = preSolution
		Debug|Any CPU = Debug|Any CPU
		Release|Any CPU = Release|Any CPU
	EndGlobalSection
	GlobalSection(ProjectConfigurationPlatforms) = postSolution
		{BBE1FE6C-F42D-4F34-AC34-A639018A9123}.Debug|Any CPU.ActiveCfg = Debug|Any CPU
		{BBE1FE6C-F42D-4F34-AC34-A639018A9123}.Debug|Any CPU.Build.0 = Debug|Any CPU
		{BBE1FE6C-F42D-4F34-AC34-A639018A9123}.Release|Any CPU.ActiveCfg = Release|Any CPU
		{BBE1FE6C-F42D-4F34-AC34-A639018A9123}.Release|Any CPU.Build.0 = Release|Any CPU
		{A617318D-10CE-483A-957C-B815371F1A2C}.Debug|Any CPU.ActiveCfg = Debug|Any CPU
		{A617318D-10CE-483A-957C-B815371F1A2C}.Debug|Any CPU.Build.0 = Debug|Any CPU
		{A617318D-10CE-483A-957C-B815371F1A2C}.Release|Any CPU.ActiveCfg = Release|Any CPU
		{A617318D-10CE-483A-957C-B815371F1A2C}.Release|Any CPU.Build.0 = Release|Any CPU
		{67CC9919-4E50-4582-8DCE-E1A9F6919186}.Debug|Any CPU.ActiveCfg = Debug|Any CPU
		{67CC9919-4E50-4582-8DCE-E1A9F6919186}.Debug|Any CPU.Build.0 = Debug|Any CPU
		{67CC9919-4E50-4582-8DCE-E1A9F6919186}.Release|Any CPU.ActiveCfg = Release|Any CPU
		{67CC9919-4E50-4582-8DCE-E1A9F6919186}.Release|Any CPU.Build.0 = Release|Any CPU
		{151F5868-53AD-495F-A010-1D20E2443C62}.Debug|Any CPU.ActiveCfg = Debug|Any CPU
		{151F5868-53AD-495F-A010-1D20E2443C62}.Debug|Any CPU.Build.0 = Debug|Any CPU
		{151F5868-53AD-495F-A010-1D20E2443C62}.Release|Any CPU.ActiveCfg = Release|Any CPU
		{151F5868-53AD-495F-A010-1D20E2443C62}.Release|Any CPU.Build.0 = Release|Any CPU
		{7919F6AD-64E0-4692-8081-59F070E5969E}.Debug|Any CPU.ActiveCfg = Debug|Any CPU
		{7919F6AD-64E0-4692-8081-59F070E5969E}.Debug|Any CPU.Build.0 = Debug|Any CPU
		{7919F6AD-64E0-4692-8081-59F070E5969E}.Release|Any CPU.ActiveCfg = Release|Any CPU
		{7919F6AD-64E0-4692-8081-59F070E5969E}.Release|Any CPU.Build.0 = Release|Any CPU
		{C7ECABFE-6443-42C4-9DD0-3AE6F3A49CC7}.Debug|Any CPU.ActiveCfg = Debug|Any CPU
		{C7ECABFE-6443-42C4-9DD0-3AE6F3A49CC7}.Debug|Any CPU.Build.0 = Debug|Any CPU
		{C7ECABFE-6443-42C4-9DD0-3AE6F3A49CC7}.Release|Any CPU.ActiveCfg = Release|Any CPU
		{C7ECABFE-6443-42C4-9DD0-3AE6F3A49CC7}.Release|Any CPU.Build.0 = Release|Any CPU
		{37D61422-6014-4A17-8B7D-0F27A6BC507B}.Debug|Any CPU.ActiveCfg = Debug|Any CPU
		{37D61422-6014-4A17-8B7D-0F27A6BC507B}.Debug|Any CPU.Build.0 = Debug|Any CPU
		{37D61422-6014-4A17-8B7D-0F27A6BC507B}.Release|Any CPU.ActiveCfg = Release|Any CPU
		{37D61422-6014-4A17-8B7D-0F27A6BC507B}.Release|Any CPU.Build.0 = Release|Any CPU
		{07EACDD4-1228-4AEC-9962-7797C35FA18C}.Debug|Any CPU.ActiveCfg = Debug|Any CPU
		{07EACDD4-1228-4AEC-9962-7797C35FA18C}.Debug|Any CPU.Build.0 = Debug|Any CPU
		{07EACDD4-1228-4AEC-9962-7797C35FA18C}.Release|Any CPU.ActiveCfg = Release|Any CPU
		{07EACDD4-1228-4AEC-9962-7797C35FA18C}.Release|Any CPU.Build.0 = Release|Any CPU
		{B8310709-6A20-4339-837D-085B945E8BF1}.Debug|Any CPU.ActiveCfg = Debug|Any CPU
		{B8310709-6A20-4339-837D-085B945E8BF1}.Debug|Any CPU.Build.0 = Debug|Any CPU
		{B8310709-6A20-4339-837D-085B945E8BF1}.Release|Any CPU.ActiveCfg = Release|Any CPU
		{B8310709-6A20-4339-837D-085B945E8BF1}.Release|Any CPU.Build.0 = Release|Any CPU
		{EB3A3730-C11D-4219-B9D7-3AF00463AB6B}.Debug|Any CPU.ActiveCfg = Debug|Any CPU
		{EB3A3730-C11D-4219-B9D7-3AF00463AB6B}.Debug|Any CPU.Build.0 = Debug|Any CPU
		{EB3A3730-C11D-4219-B9D7-3AF00463AB6B}.Release|Any CPU.ActiveCfg = Release|Any CPU
		{EB3A3730-C11D-4219-B9D7-3AF00463AB6B}.Release|Any CPU.Build.0 = Release|Any CPU
		{C1304944-15B0-41DA-86C1-588E1AB4E508}.Debug|Any CPU.ActiveCfg = Debug|Any CPU
		{C1304944-15B0-41DA-86C1-588E1AB4E508}.Debug|Any CPU.Build.0 = Debug|Any CPU
		{C1304944-15B0-41DA-86C1-588E1AB4E508}.Release|Any CPU.ActiveCfg = Release|Any CPU
		{C1304944-15B0-41DA-86C1-588E1AB4E508}.Release|Any CPU.Build.0 = Release|Any CPU
		{E0ADDA9F-FA56-48FA-9017-89C9186D91B6}.Debug|Any CPU.ActiveCfg = Debug|Any CPU
		{E0ADDA9F-FA56-48FA-9017-89C9186D91B6}.Debug|Any CPU.Build.0 = Debug|Any CPU
		{E0ADDA9F-FA56-48FA-9017-89C9186D91B6}.Release|Any CPU.ActiveCfg = Release|Any CPU
		{E0ADDA9F-FA56-48FA-9017-89C9186D91B6}.Release|Any CPU.Build.0 = Release|Any CPU
		{715AC65F-839E-4C71-A43D-0F58A46DD17F}.Debug|Any CPU.ActiveCfg = Debug|Any CPU
		{715AC65F-839E-4C71-A43D-0F58A46DD17F}.Debug|Any CPU.Build.0 = Debug|Any CPU
		{715AC65F-839E-4C71-A43D-0F58A46DD17F}.Release|Any CPU.ActiveCfg = Release|Any CPU
		{715AC65F-839E-4C71-A43D-0F58A46DD17F}.Release|Any CPU.Build.0 = Release|Any CPU
		{2CBDDE21-9734-447A-8F66-BDCE7A4693DF}.Debug|Any CPU.ActiveCfg = Debug|Any CPU
		{2CBDDE21-9734-447A-8F66-BDCE7A4693DF}.Debug|Any CPU.Build.0 = Debug|Any CPU
		{2CBDDE21-9734-447A-8F66-BDCE7A4693DF}.Release|Any CPU.ActiveCfg = Release|Any CPU
		{2CBDDE21-9734-447A-8F66-BDCE7A4693DF}.Release|Any CPU.Build.0 = Release|Any CPU
		{616D5ED8-841E-4F7E-B910-AE172E65F9BA}.Debug|Any CPU.ActiveCfg = Debug|Any CPU
		{616D5ED8-841E-4F7E-B910-AE172E65F9BA}.Debug|Any CPU.Build.0 = Debug|Any CPU
		{616D5ED8-841E-4F7E-B910-AE172E65F9BA}.Release|Any CPU.ActiveCfg = Release|Any CPU
		{616D5ED8-841E-4F7E-B910-AE172E65F9BA}.Release|Any CPU.Build.0 = Release|Any CPU
		{38091BA6-10FD-4B9E-875D-9D6B22B23195}.Debug|Any CPU.ActiveCfg = Debug|Any CPU
		{38091BA6-10FD-4B9E-875D-9D6B22B23195}.Debug|Any CPU.Build.0 = Debug|Any CPU
		{38091BA6-10FD-4B9E-875D-9D6B22B23195}.Release|Any CPU.ActiveCfg = Release|Any CPU
		{38091BA6-10FD-4B9E-875D-9D6B22B23195}.Release|Any CPU.Build.0 = Release|Any CPU
		{E70222DF-AF49-479B-97D0-F6E1729C0861}.Debug|Any CPU.ActiveCfg = Debug|Any CPU
		{E70222DF-AF49-479B-97D0-F6E1729C0861}.Debug|Any CPU.Build.0 = Debug|Any CPU
		{E70222DF-AF49-479B-97D0-F6E1729C0861}.Release|Any CPU.ActiveCfg = Release|Any CPU
		{E70222DF-AF49-479B-97D0-F6E1729C0861}.Release|Any CPU.Build.0 = Release|Any CPU
		{A7F272E3-822F-4F75-9D76-7EA277FA4B50}.Debug|Any CPU.ActiveCfg = Debug|Any CPU
		{A7F272E3-822F-4F75-9D76-7EA277FA4B50}.Debug|Any CPU.Build.0 = Debug|Any CPU
		{A7F272E3-822F-4F75-9D76-7EA277FA4B50}.Release|Any CPU.ActiveCfg = Release|Any CPU
		{A7F272E3-822F-4F75-9D76-7EA277FA4B50}.Release|Any CPU.Build.0 = Release|Any CPU
		{17938289-231C-44D1-AE18-95AE10BB9A91}.Debug|Any CPU.ActiveCfg = Debug|Any CPU
		{17938289-231C-44D1-AE18-95AE10BB9A91}.Debug|Any CPU.Build.0 = Debug|Any CPU
		{17938289-231C-44D1-AE18-95AE10BB9A91}.Release|Any CPU.ActiveCfg = Release|Any CPU
		{17938289-231C-44D1-AE18-95AE10BB9A91}.Release|Any CPU.Build.0 = Release|Any CPU
		{47C4E748-507D-4252-9486-27DEA4C8C688}.Debug|Any CPU.ActiveCfg = Debug|Any CPU
		{47C4E748-507D-4252-9486-27DEA4C8C688}.Debug|Any CPU.Build.0 = Debug|Any CPU
		{47C4E748-507D-4252-9486-27DEA4C8C688}.Release|Any CPU.ActiveCfg = Release|Any CPU
		{47C4E748-507D-4252-9486-27DEA4C8C688}.Release|Any CPU.Build.0 = Release|Any CPU
		{A9AC9935-9835-4B50-9978-9AC684D7AB8F}.Debug|Any CPU.ActiveCfg = Debug|Any CPU
		{A9AC9935-9835-4B50-9978-9AC684D7AB8F}.Debug|Any CPU.Build.0 = Debug|Any CPU
		{A9AC9935-9835-4B50-9978-9AC684D7AB8F}.Release|Any CPU.ActiveCfg = Release|Any CPU
		{A9AC9935-9835-4B50-9978-9AC684D7AB8F}.Release|Any CPU.Build.0 = Release|Any CPU
		{988B0052-F400-4C4F-A536-049C8BEA8C90}.Debug|Any CPU.ActiveCfg = Debug|Any CPU
		{988B0052-F400-4C4F-A536-049C8BEA8C90}.Debug|Any CPU.Build.0 = Debug|Any CPU
		{988B0052-F400-4C4F-A536-049C8BEA8C90}.Release|Any CPU.ActiveCfg = Release|Any CPU
		{988B0052-F400-4C4F-A536-049C8BEA8C90}.Release|Any CPU.Build.0 = Release|Any CPU
	EndGlobalSection
	GlobalSection(SolutionProperties) = preSolution
		HideSolutionNode = FALSE
	EndGlobalSection
	GlobalSection(NestedProjects) = preSolution
		{5269D8DA-254B-4DC7-94ED-16E93108AFD6} = {258BD075-0E92-4D1B-AD0B-08FC446D1803}
		{25994441-5AE0-432F-8AE1-06B9B008FD1F} = {5269D8DA-254B-4DC7-94ED-16E93108AFD6}
		{E3F29462-441A-45CF-A09A-1EBB91543344} = {5269D8DA-254B-4DC7-94ED-16E93108AFD6}
		{5850A967-EECA-463B-BA4A-B161E7A596A0} = {5269D8DA-254B-4DC7-94ED-16E93108AFD6}
		{9E5109C2-0A76-4E5F-83A5-A9B372D1D3D0} = {5269D8DA-254B-4DC7-94ED-16E93108AFD6}
		{BAB985CD-9285-46C4-AC21-3D4C0DA353FC} = {5269D8DA-254B-4DC7-94ED-16E93108AFD6}
		{BBE1FE6C-F42D-4F34-AC34-A639018A9123} = {25994441-5AE0-432F-8AE1-06B9B008FD1F}
		{A617318D-10CE-483A-957C-B815371F1A2C} = {25994441-5AE0-432F-8AE1-06B9B008FD1F}
		{67CC9919-4E50-4582-8DCE-E1A9F6919186} = {89AE88FA-9B8F-47F7-B73E-FF91CB7E2318}
		{151F5868-53AD-495F-A010-1D20E2443C62} = {89AE88FA-9B8F-47F7-B73E-FF91CB7E2318}
		{7919F6AD-64E0-4692-8081-59F070E5969E} = {BAB985CD-9285-46C4-AC21-3D4C0DA353FC}
		{C7ECABFE-6443-42C4-9DD0-3AE6F3A49CC7} = {E3F29462-441A-45CF-A09A-1EBB91543344}
		{37D61422-6014-4A17-8B7D-0F27A6BC507B} = {E3F29462-441A-45CF-A09A-1EBB91543344}
		{07EACDD4-1228-4AEC-9962-7797C35FA18C} = {9E5109C2-0A76-4E5F-83A5-A9B372D1D3D0}
		{B8310709-6A20-4339-837D-085B945E8BF1} = {89AE88FA-9B8F-47F7-B73E-FF91CB7E2318}
		{EB3A3730-C11D-4219-B9D7-3AF00463AB6B} = {5850A967-EECA-463B-BA4A-B161E7A596A0}
		{C1304944-15B0-41DA-86C1-588E1AB4E508} = {5850A967-EECA-463B-BA4A-B161E7A596A0}
		{E0ADDA9F-FA56-48FA-9017-89C9186D91B6} = {89AE88FA-9B8F-47F7-B73E-FF91CB7E2318}
		{715AC65F-839E-4C71-A43D-0F58A46DD17F} = {89AE88FA-9B8F-47F7-B73E-FF91CB7E2318}
		{2CBDDE21-9734-447A-8F66-BDCE7A4693DF} = {89AE88FA-9B8F-47F7-B73E-FF91CB7E2318}
		{616D5ED8-841E-4F7E-B910-AE172E65F9BA} = {258BD075-0E92-4D1B-AD0B-08FC446D1803}
		{38091BA6-10FD-4B9E-875D-9D6B22B23195} = {5269D8DA-254B-4DC7-94ED-16E93108AFD6}
		{E70222DF-AF49-479B-97D0-F6E1729C0861} = {89AE88FA-9B8F-47F7-B73E-FF91CB7E2318}
		{17938289-231C-44D1-AE18-95AE10BB9A91} = {89AE88FA-9B8F-47F7-B73E-FF91CB7E2318}
		{47C4E748-507D-4252-9486-27DEA4C8C688} = {A8241E4E-5FA0-403F-AD11-AA0565D24C86}
		{A9AC9935-9835-4B50-9978-9AC684D7AB8F} = {A8241E4E-5FA0-403F-AD11-AA0565D24C86}
		{988B0052-F400-4C4F-A536-049C8BEA8C90} = {A8241E4E-5FA0-403F-AD11-AA0565D24C86}
	EndGlobalSection
	GlobalSection(ExtensibilityGlobals) = postSolution
		SolutionGuid = {9A338EDC-2566-4B7A-9132-84AEF1305831}
	EndGlobalSection
EndGlobal
